
Microsoft Visual Studio Solution File, Format Version 12.00
# Visual Studio Version 16
VisualStudioVersion = 16.0.30711.63
MinimumVisualStudioVersion = 10.0.40219.1
Project("{FAE04EC0-301F-11D3-BF4B-00C04F79EFBC}") = "SpaStarter", "SpaStarter\SpaStarter.csproj", "{6B6B84B8-F5A8-484B-8BA7-022A3426C41E}"
EndProject
Global
	GlobalSection(SolutionConfigurationPlatforms) = preSolution
		Debug|Any CPU = Debug|Any CPU
		Release|Any CPU = Release|Any CPU
	EndGlobalSection
	GlobalSection(ProjectConfigurationPlatforms) = postSolution
		{6B6B84B8-F5A8-484B-8BA7-022A3426C41E}.Debug|Any CPU.ActiveCfg = Debug|Any CPU
		{6B6B84B8-F5A8-484B-8BA7-022A3426C41E}.Debug|Any CPU.Build.0 = Debug|Any CPU
		{6B6B84B8-F5A8-484B-8BA7-022A3426C41E}.Release|Any CPU.ActiveCfg = Release|Any CPU
		{6B6B84B8-F5A8-484B-8BA7-022A3426C41E}.Release|Any CPU.Build.0 = Release|Any CPU
	EndGlobalSection
	GlobalSection(SolutionProperties) = preSolution
		HideSolutionNode = FALSE
	EndGlobalSection
	GlobalSection(ExtensibilityGlobals) = postSolution
		SolutionGuid = {69FF659F-DABE-4AB9-ABE3-1A4AD3544E64}
	EndGlobalSection
EndGlobal
